
Microsoft Visual Studio Solution File, Format Version 12.00
# Visual Studio Version 16
VisualStudioVersion = 16.0.29709.97
MinimumVisualStudioVersion = 10.0.40219.1
Project("{FAE04EC0-301F-11D3-BF4B-00C04F79EFBC}") = "methods1", "methods1.csproj", "{B71BE394-50A4-4A89-A30F-519531A3F5FF}"
EndProject
Global
	GlobalSection(SolutionConfigurationPlatforms) = preSolution
		Debug|Any CPU = Debug|Any CPU
		Release|Any CPU = Release|Any CPU
	EndGlobalSection
	GlobalSection(ProjectConfigurationPlatforms) = postSolution
		{B71BE394-50A4-4A89-A30F-519531A3F5FF}.Debug|Any CPU.ActiveCfg = Debug|Any CPU
		{B71BE394-50A4-4A89-A30F-519531A3F5FF}.Debug|Any CPU.Build.0 = Debug|Any CPU
		{B71BE394-50A4-4A89-A30F-519531A3F5FF}.Release|Any CPU.ActiveCfg = Release|Any CPU
		{B71BE394-50A4-4A89-A30F-519531A3F5FF}.Release|Any CPU.Build.0 = Release|Any CPU
	EndGlobalSection
	GlobalSection(SolutionProperties) = preSolution
		HideSolutionNode = FALSE
	EndGlobalSection
	GlobalSection(ExtensibilityGlobals) = postSolution
		SolutionGuid = {47D7D727-6C8B-47B2-8C00-85FA8F48B99E}
	EndGlobalSection
EndGlobal
